
Microsoft Visual Studio Solution File, Format Version 12.00
# Visual Studio 15
VisualStudioVersion = 15.0.28307.329
MinimumVisualStudioVersion = 10.0.40219.1
Project("{FAE04EC0-301F-11D3-BF4B-00C04F79EFBC}") = "Core_Demo", "Core_Demo\Core_Demo.csproj", "{7DF3FF55-C47E-4C8A-AC2F-5C9E4C28BC5E}"
EndProject
Global
	GlobalSection(SolutionConfigurationPlatforms) = preSolution
		Debug|Any CPU = Debug|Any CPU
		Release|Any CPU = Release|Any CPU
	EndGlobalSection
	GlobalSection(ProjectConfigurationPlatforms) = postSolution
		{7DF3FF55-C47E-4C8A-AC2F-5C9E4C28BC5E}.Debug|Any CPU.ActiveCfg = Debug|Any CPU
		{7DF3FF55-C47E-4C8A-AC2F-5C9E4C28BC5E}.Debug|Any CPU.Build.0 = Debug|Any CPU
		{7DF3FF55-C47E-4C8A-AC2F-5C9E4C28BC5E}.Release|Any CPU.ActiveCfg = Release|Any CPU
		{7DF3FF55-C47E-4C8A-AC2F-5C9E4C28BC5E}.Release|Any CPU.Build.0 = Release|Any CPU
	EndGlobalSection
	GlobalSection(SolutionProperties) = preSolution
		HideSolutionNode = FALSE
	EndGlobalSection
	GlobalSection(ExtensibilityGlobals) = postSolution
		SolutionGuid = {635CB03C-67D7-4264-B47D-9FD922B9A172}
	EndGlobalSection
EndGlobal
